
Microsoft Visual Studio Solution File, Format Version 12.00
# Visual Studio 15
VisualStudioVersion = 15.0.27703.2035
MinimumVisualStudioVersion = 10.0.40219.1
Project("{FAE04EC0-301F-11D3-BF4B-00C04F79EFBC}") = "UsersBase", "UsersBase\UsersBase.csproj", "{20AC2009-FCC6-4B10-B23E-D9C7E3B68F20}"
EndProject
Global
	GlobalSection(SolutionConfigurationPlatforms) = preSolution
		Debug|Any CPU = Debug|Any CPU
		Release|Any CPU = Release|Any CPU
	EndGlobalSection
	GlobalSection(ProjectConfigurationPlatforms) = postSolution
		{20AC2009-FCC6-4B10-B23E-D9C7E3B68F20}.Debug|Any CPU.ActiveCfg = Debug|Any CPU
		{20AC2009-FCC6-4B10-B23E-D9C7E3B68F20}.Debug|Any CPU.Build.0 = Debug|Any CPU
		{20AC2009-FCC6-4B10-B23E-D9C7E3B68F20}.Release|Any CPU.ActiveCfg = Release|Any CPU
		{20AC2009-FCC6-4B10-B23E-D9C7E3B68F20}.Release|Any CPU.Build.0 = Release|Any CPU
	EndGlobalSection
	GlobalSection(SolutionProperties) = preSolution
		HideSolutionNode = FALSE
	EndGlobalSection
	GlobalSection(ExtensibilityGlobals) = postSolution
		SolutionGuid = {DA713D20-0C6A-4759-8851-C844013F7763}
	EndGlobalSection
EndGlobal
